
Microsoft Visual Studio Solution File, Format Version 12.00
# Visual Studio 2013
Project("{FAE04EC0-301F-11D3-BF4B-00C04F79EFBC}") = "GameFrame.CSharp.Plugins", "GameFrame.CSharp.Plugins.csproj", "{0DF64A21-2649-6FB9-5BD9-497F11EF0F0B}"
EndProject
Project("{FAE04EC0-301F-11D3-BF4B-00C04F79EFBC}") = "GameFrame.CSharp", "GameFrame.CSharp.csproj", "{3A297C56-F530-1556-DDC6-E0D1E399C375}"
EndProject
Global
	GlobalSection(SolutionConfigurationPlatforms) = preSolution
		Debug|Any CPU = Debug|Any CPU
		Release|Any CPU = Release|Any CPU
	EndGlobalSection
	GlobalSection(ProjectConfigurationPlatforms) = postSolution
		{0DF64A21-2649-6FB9-5BD9-497F11EF0F0B}.Debug|Any CPU.ActiveCfg = Debug|Any CPU
		{0DF64A21-2649-6FB9-5BD9-497F11EF0F0B}.Debug|Any CPU.Build.0 = Debug|Any CPU
		{0DF64A21-2649-6FB9-5BD9-497F11EF0F0B}.Release|Any CPU.ActiveCfg = Release|Any CPU
		{0DF64A21-2649-6FB9-5BD9-497F11EF0F0B}.Release|Any CPU.Build.0 = Release|Any CPU
		{3A297C56-F530-1556-DDC6-E0D1E399C375}.Debug|Any CPU.ActiveCfg = Debug|Any CPU
		{3A297C56-F530-1556-DDC6-E0D1E399C375}.Debug|Any CPU.Build.0 = Debug|Any CPU
		{3A297C56-F530-1556-DDC6-E0D1E399C375}.Release|Any CPU.ActiveCfg = Release|Any CPU
		{3A297C56-F530-1556-DDC6-E0D1E399C375}.Release|Any CPU.Build.0 = Release|Any CPU
	EndGlobalSection
	GlobalSection(SolutionProperties) = preSolution
		HideSolutionNode = FALSE
	EndGlobalSection
EndGlobal
